// !$*UTF8*$!
{
	archiveVersion = 1;
	classes = {
	};
	objectVersion = 50;
	objects = {

/* Begin PBXBuildFile section */
		A6CE14BC26904AA30042A431 /* TodoApp.swift in Sources */ = {isa = PBXBuildFile; fileRef = A6CE14BB26904AA30042A431 /* TodoApp.swift */; };
		A6CE14BE26904AA30042A431 /* ContentView.swift in Sources */ = {isa = PBXBuildFile; fileRef = A6CE14BD26904AA30042A431 /* ContentView.swift */; };
		A6CE14C026904AA50042A431 /* Assets.xcassets in Resources */ = {isa = PBXBuildFile; fileRef = A6CE14BF26904AA50042A431 /* Assets.xcassets */; };
		A6CE14C326904AA50042A431 /* Preview Assets.xcassets in Resources */ = {isa = PBXBuildFile; fileRef = A6CE14C226904AA50042A431 /* Preview Assets.xcassets */; };
		A6CE14C526904AA50042A431 /* Persistence.swift in Sources */ = {isa = PBXBuildFile; fileRef = A6CE14C426904AA50042A431 /* Persistence.swift */; };
		A6CE14C826904AA50042A431 /* Todo.xcdatamodeld in Sources */ = {isa = PBXBuildFile; fileRef = A6CE14C626904AA50042A431 /* Todo.xcdatamodeld */; };
		A6CE14D026904E640042A431 /* CategoryImage.swift in Sources */ = {isa = PBXBuildFile; fileRef = A6CE14CF26904E640042A431 /* CategoryImage.swift */; };
		A6CE14D22699557C0042A431 /* CheckBox.swift in Sources */ = {isa = PBXBuildFile; fileRef = A6CE14D12699557C0042A431 /* CheckBox.swift */; };
		A6CE14D52699624D0042A431 /* Color+Extension.swift in Sources */ = {isa = PBXBuildFile; fileRef = A6CE14D42699624D0042A431 /* Color+Extension.swift */; };
		A6CE14D7269963DF0042A431 /* UserView.swift in Sources */ = {isa = PBXBuildFile; fileRef = A6CE14D6269963DF0042A431 /* UserView.swift */; };
		A6CE14D926997DB20042A431 /* TodoEntity+Extension.swift in Sources */ = {isa = PBXBuildFile; fileRef = A6CE14D826997DB20042A431 /* TodoEntity+Extension.swift */; };
		A6CE14DB26997F1C0042A431 /* CategoryView.swift in Sources */ = {isa = PBXBuildFile; fileRef = A6CE14DA26997F1C0042A431 /* CategoryView.swift */; };
/* End PBXBuildFile section */

/* Begin PBXFileReference section */
		A6CE14B826904AA30042A431 /* Todo.app */ = {isa = PBXFileReference; explicitFileType = wrapper.application; includeInIndex = 0; path = Todo.app; sourceTree = BUILT_PRODUCTS_DIR; };
		A6CE14BB26904AA30042A431 /* TodoApp.swift */ = {isa = PBXFileReference; lastKnownFileType = sourcecode.swift; path = TodoApp.swift; sourceTree = "<group>"; };
		A6CE14BD26904AA30042A431 /* ContentView.swift */ = {isa = PBXFileReference; lastKnownFileType = sourcecode.swift; path = ContentView.swift; sourceTree = "<group>"; };
		A6CE14BF26904AA50042A431 /* Assets.xcassets */ = {isa = PBXFileReference; lastKnownFileType = folder.assetcatalog; path = Assets.xcassets; sourceTree = "<group>"; };
		A6CE14C226904AA50042A431 /* Preview Assets.xcassets */ = {isa = PBXFileReference; lastKnownFileType = folder.assetcatalog; path = "Preview Assets.xcassets"; sourceTree = "<group>"; };
		A6CE14C426904AA50042A431 /* Persistence.swift */ = {isa = PBXFileReference; lastKnownFileType = sourcecode.swift; path = Persistence.swift; sourceTree = "<group>"; };
		A6CE14C726904AA50042A431 /* Todo.xcdatamodel */ = {isa = PBXFileReference; lastKnownFileType = wrapper.xcdatamodel; path = Todo.xcdatamodel; sourceTree = "<group>"; };
		A6CE14C926904AA50042A431 /* Info.plist */ = {isa = PBXFileReference; lastKnownFileType = text.plist.xml; path = Info.plist; sourceTree = "<group>"; };
		A6CE14CF26904E640042A431 /* CategoryImage.swift */ = {isa = PBXFileReference; lastKnownFileType = sourcecode.swift; path = CategoryImage.swift; sourceTree = "<group>"; };
		A6CE14D12699557C0042A431 /* CheckBox.swift */ = {isa = PBXFileReference; lastKnownFileType = sourcecode.swift; path = CheckBox.swift; sourceTree = "<group>"; };
		A6CE14D42699624D0042A431 /* Color+Extension.swift */ = {isa = PBXFileReference; lastKnownFileType = sourcecode.swift; path = "Color+Extension.swift"; sourceTree = "<group>"; };
		A6CE14D6269963DF0042A431 /* UserView.swift */ = {isa = PBXFileReference; lastKnownFileType = sourcecode.swift; path = UserView.swift; sourceTree = "<group>"; };
		A6CE14D826997DB20042A431 /* TodoEntity+Extension.swift */ = {isa = PBXFileReference; lastKnownFileType = sourcecode.swift; path = "TodoEntity+Extension.swift"; sourceTree = "<group>"; };
		A6CE14DA26997F1C0042A431 /* CategoryView.swift */ = {isa = PBXFileReference; lastKnownFileType = sourcecode.swift; path = CategoryView.swift; sourceTree = "<group>"; };
/* End PBXFileReference section */

/* Begin PBXFrameworksBuildPhase section */
		A6CE14B526904AA30042A431 /* Frameworks */ = {
			isa = PBXFrameworksBuildPhase;
			buildActionMask = 2147483647;
			files = (
			);
			runOnlyForDeploymentPostprocessing = 0;
		};
/* End PBXFrameworksBuildPhase section */

/* Begin PBXGroup section */
		A6CE14AF26904AA30042A431 = {
			isa = PBXGroup;
			children = (
				A6CE14BA26904AA30042A431 /* Todo */,
				A6CE14B926904AA30042A431 /* Products */,
			);
			sourceTree = "<group>";
		};
		A6CE14B926904AA30042A431 /* Products */ = {
			isa = PBXGroup;
			children = (
				A6CE14B826904AA30042A431 /* Todo.app */,
			);
			name = Products;
			sourceTree = "<group>";
		};
		A6CE14BA26904AA30042A431 /* Todo */ = {
			isa = PBXGroup;
			children = (
				A6CE14D32699621E0042A431 /* Extension */,
				A6CE14BB26904AA30042A431 /* TodoApp.swift */,
				A6CE14BD26904AA30042A431 /* ContentView.swift */,
				A6CE14CF26904E640042A431 /* CategoryImage.swift */,
				A6CE14D12699557C0042A431 /* CheckBox.swift */,
				A6CE14D6269963DF0042A431 /* UserView.swift */,
				A6CE14DA26997F1C0042A431 /* CategoryView.swift */,
				A6CE14BF26904AA50042A431 /* Assets.xcassets */,
				A6CE14C426904AA50042A431 /* Persistence.swift */,
				A6CE14C926904AA50042A431 /* Info.plist */,
				A6CE14C626904AA50042A431 /* Todo.xcdatamodeld */,
				A6CE14C126904AA50042A431 /* Preview Content */,
			);
			path = Todo;
			sourceTree = "<group>";
		};
		A6CE14C126904AA50042A431 /* Preview Content */ = {
			isa = PBXGroup;
			children = (
				A6CE14C226904AA50042A431 /* Preview Assets.xcassets */,
			);
			path = "Preview Content";
			sourceTree = "<group>";
		};
		A6CE14D32699621E0042A431 /* Extension */ = {
			isa = PBXGroup;
			children = (
				A6CE14D42699624D0042A431 /* Color+Extension.swift */,
				A6CE14D826997DB20042A431 /* TodoEntity+Extension.swift */,
			);
			path = Extension;
			sourceTree = "<group>";
		};
/* End PBXGroup section */

/* Begin PBXNativeTarget section */
		A6CE14B726904AA30042A431 /* Todo */ = {
			isa = PBXNativeTarget;
			buildConfigurationList = A6CE14CC26904AA50042A431 /* Build configuration list for PBXNativeTarget "Todo" */;
			buildPhases = (
				A6CE14B426904AA30042A431 /* Sources */,
				A6CE14B526904AA30042A431 /* Frameworks */,
				A6CE14B626904AA30042A431 /* Resources */,
			);
			buildRules = (
			);
			dependencies = (
			);
			name = Todo;
			productName = Todo;
			productReference = A6CE14B826904AA30042A431 /* Todo.app */;
			productType = "com.apple.product-type.application";
		};
/* End PBXNativeTarget section */

/* Begin PBXProject section */
		A6CE14B026904AA30042A431 /* Project object */ = {
			isa = PBXProject;
			attributes = {
				LastSwiftUpdateCheck = 1250;
				LastUpgradeCheck = 1250;
				TargetAttributes = {
					A6CE14B726904AA30042A431 = {
						CreatedOnToolsVersion = 12.5.1;
					};
				};
			};
			buildConfigurationList = A6CE14B326904AA30042A431 /* Build configuration list for PBXProject "Todo" */;
			compatibilityVersion = "Xcode 9.3";
			developmentRegion = en;
			hasScannedForEncodings = 0;
			knownRegions = (
				en,
				Base,
			);
			mainGroup = A6CE14AF26904AA30042A431;
			productRefGroup = A6CE14B926904AA30042A431 /* Products */;
			projectDirPath = "";
			projectRoot = "";
			targets = (
				A6CE14B726904AA30042A431 /* Todo */,
			);
		};
/* End PBXProject section */

/* Begin PBXResourcesBuildPhase section */
		A6CE14B626904AA30042A431 /* Resources */ = {
			isa = PBXResourcesBuildPhase;
			buildActionMask = 2147483647;
			files = (
				A6CE14C326904AA50042A431 /* Preview Assets.xcassets in Resources */,
				A6CE14C026904AA50042A431 /* Assets.xcassets in Resources */,
			);
			runOnlyForDeploymentPostprocessing = 0;
		};
/* End PBXResourcesBuildPhase section */

/* Begin PBXSourcesBuildPhase section */
		A6CE14B426904AA30042A431 /* Sources */ = {
			isa = PBXSourcesBuildPhase;
			buildActionMask = 2147483647;
			files = (
				A6CE14C526904AA50042A431 /* Persistence.swift in Sources */,
				A6CE14D52699624D0042A431 /* Color+Extension.swift in Sources */,
				A6CE14BE26904AA30042A431 /* ContentView.swift in Sources */,
				A6CE14D7269963DF0042A431 /* UserView.swift in Sources */,
				A6CE14DB26997F1C0042A431 /* CategoryView.swift in Sources */,
				A6CE14D22699557C0042A431 /* CheckBox.swift in Sources */,
				A6CE14BC26904AA30042A431 /* TodoApp.swift in Sources */,
				A6CE14D026904E640042A431 /* CategoryImage.swift in Sources */,
				A6CE14D926997DB20042A431 /* TodoEntity+Extension.swift in Sources */,
				A6CE14C826904AA50042A431 /* Todo.xcdatamodeld in Sources */,
			);
			runOnlyForDeploymentPostprocessing = 0;
		};
/* End PBXSourcesBuildPhase section */

/* Begin XCBuildConfiguration section */
		A6CE14CA26904AA50042A431 /* Debug */ = {
			isa = XCBuildConfiguration;
			buildSettings = {
				ALWAYS_SEARCH_USER_PATHS = NO;
				CLANG_ANALYZER_NONNULL = YES;
				CLANG_ANALYZER_NUMBER_OBJECT_CONVERSION = YES_AGGRESSIVE;
				CLANG_CXX_LANGUAGE_STANDARD = "gnu++14";
				CLANG_CXX_LIBRARY = "libc++";
				CLANG_ENABLE_MODULES = YES;
				CLANG_ENABLE_OBJC_ARC = YES;
				CLANG_ENABLE_OBJC_WEAK = YES;
				CLANG_WARN_BLOCK_CAPTURE_AUTORELEASING = YES;
				CLANG_WARN_BOOL_CONVERSION = YES;
				CLANG_WARN_COMMA = YES;
				CLANG_WARN_CONSTANT_CONVERSION = YES;
				CLANG_WARN_DEPRECATED_OBJC_IMPLEMENTATIONS = YES;
				CLANG_WARN_DIRECT_OBJC_ISA_USAGE = YES_ERROR;
				CLANG_WARN_DOCUMENTATION_COMMENTS = YES;
				CLANG_WARN_EMPTY_BODY = YES;
				CLANG_WARN_ENUM_CONVERSION = YES;
				CLANG_WARN_INFINITE_RECURSION = YES;
				CLANG_WARN_INT_CONVERSION = YES;
				CLANG_WARN_NON_LITERAL_NULL_CONVERSION = YES;
				CLANG_WARN_OBJC_IMPLICIT_RETAIN_SELF = YES;
				CLANG_WARN_OBJC_LITERAL_CONVERSION = YES;
				CLANG_WARN_OBJC_ROOT_CLASS = YES_ERROR;
				CLANG_WARN_QUOTED_INCLUDE_IN_FRAMEWORK_HEADER = YES;
				CLANG_WARN_RANGE_LOOP_ANALYSIS = YES;
				CLANG_WARN_STRICT_PROTOTYPES = YES;
				CLANG_WARN_SUSPICIOUS_MOVE = YES;
				CLANG_WARN_UNGUARDED_AVAILABILITY = YES_AGGRESSIVE;
				CLANG_WARN_UNREACHABLE_CODE = YES;
				CLANG_WARN__DUPLICATE_METHOD_MATCH = YES;
				COPY_PHASE_STRIP = NO;
				DEBUG_INFORMATION_FORMAT = dwarf;
				ENABLE_STRICT_OBJC_MSGSEND = YES;
				ENABLE_TESTABILITY = YES;
				GCC_C_LANGUAGE_STANDARD = gnu11;
				GCC_DYNAMIC_NO_PIC = NO;
				GCC_NO_COMMON_BLOCKS = YES;
				GCC_OPTIMIZATION_LEVEL = 0;
				GCC_PREPROCESSOR_DEFINITIONS = (
					"DEBUG=1",
					"$(inherited)",
				);
				GCC_WARN_64_TO_32_BIT_CONVERSION = YES;
				GCC_WARN_ABOUT_RETURN_TYPE = YES_ERROR;
				GCC_WARN_UNDECLARED_SELECTOR = YES;
				GCC_WARN_UNINITIALIZED_AUTOS = YES_AGGRESSIVE;
				GCC_WARN_UNUSED_FUNCTION = YES;
				GCC_WARN_UNUSED_VARIABLE = YES;
				IPHONEOS_DEPLOYMENT_TARGET = 14.5;
				MTL_ENABLE_DEBUG_INFO = INCLUDE_SOURCE;
				MTL_FAST_MATH = YES;
				ONLY_ACTIVE_ARCH = YES;
				SDKROOT = iphoneos;
				SWIFT_ACTIVE_COMPILATION_CONDITIONS = DEBUG;
				SWIFT_OPTIMIZATION_LEVEL = "-Onone";
			};
			name = Debug;
		};
		A6CE14CB26904AA50042A431 /* Release */ = {
			isa = XCBuildConfiguration;
			buildSettings = {
				ALWAYS_SEARCH_USER_PATHS = NO;
				CLANG_ANALYZER_NONNULL = YES;
				CLANG_ANALYZER_NUMBER_OBJECT_CONVERSION = YES_AGGRESSIVE;
				CLANG_CXX_LANGUAGE_STANDARD = "gnu++14";
				CLANG_CXX_LIBRARY = "libc++";
				CLANG_ENABLE_MODULES = YES;
				CLANG_ENABLE_OBJC_ARC = YES;
				CLANG_ENABLE_OBJC_WEAK = YES;
				CLANG_WARN_BLOCK_CAPTURE_AUTORELEASING = YES;
				CLANG_WARN_BOOL_CONVERSION = YES;
				CLANG_WARN_COMMA = YES;
				CLANG_WARN_CONSTANT_CONVERSION = YES;
				CLANG_WARN_DEPRECATED_OBJC_IMPLEMENTATIONS = YES;
				CLANG_WARN_DIRECT_OBJC_ISA_USAGE = YES_ERROR;
				CLANG_WARN_DOCUMENTATION_COMMENTS = YES;
				CLANG_WARN_EMPTY_BODY = YES;
				CLANG_WARN_ENUM_CONVERSION = YES;
				CLANG_WARN_INFINITE_RECURSION = YES;
				CLANG_WARN_INT_CONVERSION = YES;
				CLANG_WARN_NON_LITERAL_NULL_CONVERSION = YES;
				CLANG_WARN_OBJC_IMPLICIT_RETAIN_SELF = YES;
				CLANG_WARN_OBJC_LITERAL_CONVERSION = YES;
				CLANG_WARN_OBJC_ROOT_CLASS = YES_ERROR;
				CLANG_WARN_QUOTED_INCLUDE_IN_FRAMEWORK_HEADER = YES;
				CLANG_WARN_RANGE_LOOP_ANALYSIS = YES;
				CLANG_WARN_STRICT_PROTOTYPES = YES;
				CLANG_WARN_SUSPICIOUS_MOVE = YES;
				CLANG_WARN_UNGUARDED_AVAILABILITY = YES_AGGRESSIVE;
				CLANG_WARN_UNREACHABLE_CODE = YES;
				CLANG_WARN__DUPLICATE_METHOD_MATCH = YES;
				COPY_PHASE_STRIP = NO;
				DEBUG_INFORMATION_FORMAT = "dwarf-with-dsym";
				ENABLE_NS_ASSERTIONS = NO;
				ENABLE_STRICT_OBJC_MSGSEND = YES;
				GCC_C_LANGUAGE_STANDARD = gnu11;
				GCC_NO_COMMON_BLOCKS = YES;
				GCC_WARN_64_TO_32_BIT_CONVERSION = YES;
				GCC_WARN_ABOUT_RETURN_TYPE = YES_ERROR;
				GCC_WARN_UNDECLARED_SELECTOR = YES;
				GCC_WARN_UNINITIALIZED_AUTOS = YES_AGGRESSIVE;
				GCC_WARN_UNUSED_FUNCTION = YES;
				GCC_WARN_UNUSED_VARIABLE = YES;
				IPHONEOS_DEPLOYMENT_TARGET = 14.5;
				MTL_ENABLE_DEBUG_INFO = NO;
				MTL_FAST_MATH = YES;
				SDKROOT = iphoneos;
				SWIFT_COMPILATION_MODE = wholemodule;
				SWIFT_OPTIMIZATION_LEVEL = "-O";
				VALIDATE_PRODUCT = YES;
			};
			name = Release;
		};
		A6CE14CD26904AA50042A431 /* Debug */ = {
			isa = XCBuildConfiguration;
			buildSettings = {
				ASSETCATALOG_COMPILER_APPICON_NAME = AppIcon;
				ASSETCATALOG_COMPILER_GLOBAL_ACCENT_COLOR_NAME = AccentColor;
				CODE_SIGN_STYLE = Automatic;
				DEVELOPMENT_ASSET_PATHS = "\"Todo/Preview Content\"";
				DEVELOPMENT_TEAM = QC2SUW2575;
				ENABLE_PREVIEWS = YES;
				INFOPLIST_FILE = Todo/Info.plist;
				IPHONEOS_DEPLOYMENT_TARGET = 14.0;
				LD_RUNPATH_SEARCH_PATHS = (
					"$(inherited)",
					"@executable_path/Frameworks",
				);
				PRODUCT_BUNDLE_IDENTIFIER = tomoyaki.Todo;
				PRODUCT_NAME = "$(TARGET_NAME)";
				SWIFT_VERSION = 5.0;
				TARGETED_DEVICE_FAMILY = "1,2";
			};
			name = Debug;
		};
		A6CE14CE26904AA50042A431 /* Release */ = {
			isa = XCBuildConfiguration;
			buildSettings = {
				ASSETCATALOG_COMPILER_APPICON_NAME = AppIcon;
				ASSETCATALOG_COMPILER_GLOBAL_ACCENT_COLOR_NAME = AccentColor;
				CODE_SIGN_STYLE = Automatic;
				DEVELOPMENT_ASSET_PATHS = "\"Todo/Preview Content\"";
				DEVELOPMENT_TEAM = QC2SUW2575;
				ENABLE_PREVIEWS = YES;
				INFOPLIST_FILE = Todo/Info.plist;
				IPHONEOS_DEPLOYMENT_TARGET = 14.0;
				LD_RUNPATH_SEARCH_PATHS = (
					"$(inherited)",
					"@executable_path/Frameworks",
				);
				PRODUCT_BUNDLE_IDENTIFIER = tomoyaki.Todo;
				PRODUCT_NAME = "$(TARGET_NAME)";
				SWIFT_VERSION = 5.0;
				TARGETED_DEVICE_FAMILY = "1,2";
			};
			name = Release;
		};
/* End XCBuildConfiguration section */

/* Begin XCConfigurationList section */
		A6CE14B326904AA30042A431 /* Build configuration list for PBXProject "Todo" */ = {
			isa = XCConfigurationList;
			buildConfigurations = (
				A6CE14CA26904AA50042A431 /* Debug */,
				A6CE14CB26904AA50042A431 /* Release */,
			);
			defaultConfigurationIsVisible = 0;
			defaultConfigurationName = Release;
		};
		A6CE14CC26904AA50042A431 /* Build configuration list for PBXNativeTarget "Todo" */ = {
			isa = XCConfigurationList;
			buildConfigurations = (
				A6CE14CD26904AA50042A431 /* Debug */,
				A6CE14CE26904AA50042A431 /* Release */,
			);
			defaultConfigurationIsVisible = 0;
			defaultConfigurationName = Release;
		};
/* End XCConfigurationList section */

/* Begin XCVersionGroup section */
		A6CE14C626904AA50042A431 /* Todo.xcdatamodeld */ = {
			isa = XCVersionGroup;
			children = (
				A6CE14C726904AA50042A431 /* Todo.xcdatamodel */,
			);
			currentVersion = A6CE14C726904AA50042A431 /* Todo.xcdatamodel */;
			path = Todo.xcdatamodeld;
			sourceTree = "<group>";
			versionGroupType = wrapper.xcdatamodel;
		};
/* End XCVersionGroup section */
	};
	rootObject = A6CE14B026904AA30042A431 /* Project object */;
}
